
Microsoft Visual Studio Solution File, Format Version 12.00
# Visual Studio Version 16
VisualStudioVersion = 16.0.32106.194
MinimumVisualStudioVersion = 10.0.40219.1
Project("{FAE04EC0-301F-11D3-BF4B-00C04F79EFBC}") = "yatzy2", "yatzy2\yatzy2.csproj", "{A71F1ACA-F003-419F-88AD-9EAC08056FF5}"
EndProject
Global
	GlobalSection(SolutionConfigurationPlatforms) = preSolution
		Debug|Any CPU = Debug|Any CPU
		Release|Any CPU = Release|Any CPU
	EndGlobalSection
	GlobalSection(ProjectConfigurationPlatforms) = postSolution
		{A71F1ACA-F003-419F-88AD-9EAC08056FF5}.Debug|Any CPU.ActiveCfg = Debug|Any CPU
		{A71F1ACA-F003-419F-88AD-9EAC08056FF5}.Debug|Any CPU.Build.0 = Debug|Any CPU
		{A71F1ACA-F003-419F-88AD-9EAC08056FF5}.Release|Any CPU.ActiveCfg = Release|Any CPU
		{A71F1ACA-F003-419F-88AD-9EAC08056FF5}.Release|Any CPU.Build.0 = Release|Any CPU
	EndGlobalSection
	GlobalSection(SolutionProperties) = preSolution
		HideSolutionNode = FALSE
	EndGlobalSection
	GlobalSection(ExtensibilityGlobals) = postSolution
		SolutionGuid = {5BD144C7-B3B2-47B0-9C97-6171DD58B2CC}
	EndGlobalSection
EndGlobal
